
Microsoft Visual Studio Solution File, Format Version 12.00
# Visual Studio Version 16
VisualStudioVersion = 16.0.32106.194
MinimumVisualStudioVersion = 10.0.40219.1
Project("{FAE04EC0-301F-11D3-BF4B-00C04F79EFBC}") = "rev3rseWPF", "rev3rseWPF\rev3rseWPF.csproj", "{C6AEF399-8AF6-4315-BD2F-D334CEC5EE32}"
EndProject
Project("{FAE04EC0-301F-11D3-BF4B-00C04F79EFBC}") = "rev3rseReports", "rev3rseReports\rev3rseReports.csproj", "{38573DB9-7895-4A5B-BDAB-AA1F30AC65DD}"
EndProject
Project("{00D1A9C2-B5F0-4AF3-8072-F6C62B433612}") = "rev3rseDB", "rev3rseDB\rev3rseDB.sqlproj", "{DC91434B-FF2F-47C0-8165-6BA477BAED72}"
EndProject
Project("{FAE04EC0-301F-11D3-BF4B-00C04F79EFBC}") = "rev3rseWEB", "rev3rseWEB\rev3rseWEB.csproj", "{77F132A3-1330-43A7-8795-5E2E20BE567E}"
EndProject
Global
	GlobalSection(SolutionConfigurationPlatforms) = preSolution
		Debug|Any CPU = Debug|Any CPU
		Release|Any CPU = Release|Any CPU
	EndGlobalSection
	GlobalSection(ProjectConfigurationPlatforms) = postSolution
		{C6AEF399-8AF6-4315-BD2F-D334CEC5EE32}.Debug|Any CPU.ActiveCfg = Debug|Any CPU
		{C6AEF399-8AF6-4315-BD2F-D334CEC5EE32}.Debug|Any CPU.Build.0 = Debug|Any CPU
		{C6AEF399-8AF6-4315-BD2F-D334CEC5EE32}.Release|Any CPU.ActiveCfg = Release|Any CPU
		{C6AEF399-8AF6-4315-BD2F-D334CEC5EE32}.Release|Any CPU.Build.0 = Release|Any CPU
		{38573DB9-7895-4A5B-BDAB-AA1F30AC65DD}.Debug|Any CPU.ActiveCfg = Debug|Any CPU
		{38573DB9-7895-4A5B-BDAB-AA1F30AC65DD}.Debug|Any CPU.Build.0 = Debug|Any CPU
		{38573DB9-7895-4A5B-BDAB-AA1F30AC65DD}.Release|Any CPU.ActiveCfg = Release|Any CPU
		{38573DB9-7895-4A5B-BDAB-AA1F30AC65DD}.Release|Any CPU.Build.0 = Release|Any CPU
		{DC91434B-FF2F-47C0-8165-6BA477BAED72}.Debug|Any CPU.ActiveCfg = Debug|Any CPU
		{DC91434B-FF2F-47C0-8165-6BA477BAED72}.Debug|Any CPU.Build.0 = Debug|Any CPU
		{DC91434B-FF2F-47C0-8165-6BA477BAED72}.Debug|Any CPU.Deploy.0 = Debug|Any CPU
		{DC91434B-FF2F-47C0-8165-6BA477BAED72}.Release|Any CPU.ActiveCfg = Release|Any CPU
		{DC91434B-FF2F-47C0-8165-6BA477BAED72}.Release|Any CPU.Build.0 = Release|Any CPU
		{DC91434B-FF2F-47C0-8165-6BA477BAED72}.Release|Any CPU.Deploy.0 = Release|Any CPU
		{77F132A3-1330-43A7-8795-5E2E20BE567E}.Debug|Any CPU.ActiveCfg = Debug|Any CPU
		{77F132A3-1330-43A7-8795-5E2E20BE567E}.Debug|Any CPU.Build.0 = Debug|Any CPU
		{77F132A3-1330-43A7-8795-5E2E20BE567E}.Release|Any CPU.ActiveCfg = Release|Any CPU
		{77F132A3-1330-43A7-8795-5E2E20BE567E}.Release|Any CPU.Build.0 = Release|Any CPU
	EndGlobalSection
	GlobalSection(SolutionProperties) = preSolution
		HideSolutionNode = FALSE
	EndGlobalSection
	GlobalSection(ExtensibilityGlobals) = postSolution
		SolutionGuid = {47877551-739E-437F-BAF7-065BFEE71DE2}
	EndGlobalSection
EndGlobal
